<?xml version="1.0" encoding="UTF-8" standalone="yes" ?>
<CodeBlocks_project_file>
	<FileVersion major="1" minor="6" />
	<Project>
		<Option title="wxHexdump" />
		<Option pch_mode="2" />
		<Option compiler="gcc" />
		<Build>
			<Target title="Debug">
				<Option output="bin/Debug/wxHexdump" prefix_auto="1" extension_auto="1" />
				<Option object_output="obj/Debug/" />
				<Option type="0" />
				<Option compiler="gcc" />
				<Option projectLinkerOptionsRelation="2" />
				<Compiler>
					<Add option="-g" />
					<Add option="-D__WXDEBUG__" />
				</Compiler>
			</Target>
			<Target title="Release">
				<Option output="bin/Release/wxHexdump" prefix_auto="1" extension_auto="1" />
				<Option object_output="obj/Release/" />
				<Option type="0" />
				<Option compiler="gcc" />
				<Option projectLinkerOptionsRelation="2" />
				<Compiler>
					<Add option="-O2" />
				</Compiler>
				<Linker>
					<Add option="-s" />
				</Linker>
			</Target>
		</Build>
		<Compiler>
			<Add option="-Wall" />
			<Add option="-pipe" />
			<Add option="-pthread" />
			<Add option='[[if (PLATFORM == PLATFORM_MSW &amp;&amp; (GetCompilerFactory().GetCompilerVersionString(_T(&quot;gcc&quot;)) &gt;= _T(&quot;4.0.0&quot;))) print(_T(&quot;-Wno-attributes&quot;));]]' />
			<Add directory="$(wx-config --cppflags)" />
		</Compiler>
		<Unit filename="resource.rc">
			<Option compilerVar="WINDRES" />
		</Unit>
		<Unit filename="wxHexdumpApp.cpp" />
		<Unit filename="wxHexdumpApp.h" />
		<Unit filename="wxHexdumpMain.cpp" />
		<Unit filename="wxHexdumpMain.h" />
		<Extensions>
			<code_completion />
			<debugger />
		</Extensions>
	</Project>
</CodeBlocks_project_file>
